
Microsoft Visual Studio Solution File, Format Version 12.00
# Visual Studio 15
VisualStudioVersion = 15.0.28307.489
MinimumVisualStudioVersion = 10.0.40219.1
Project("{FAE04EC0-301F-11D3-BF4B-00C04F79EFBC}") = "Project11", "Project11\Project11.csproj", "{93381120-EE1D-43D1-A1F7-F7BCF31CD216}"
EndProject
Global
	GlobalSection(SolutionConfigurationPlatforms) = preSolution
		Debug|Any CPU = Debug|Any CPU
		Release|Any CPU = Release|Any CPU
	EndGlobalSection
	GlobalSection(ProjectConfigurationPlatforms) = postSolution
		{93381120-EE1D-43D1-A1F7-F7BCF31CD216}.Debug|Any CPU.ActiveCfg = Debug|Any CPU
		{93381120-EE1D-43D1-A1F7-F7BCF31CD216}.Debug|Any CPU.Build.0 = Debug|Any CPU
		{93381120-EE1D-43D1-A1F7-F7BCF31CD216}.Release|Any CPU.ActiveCfg = Release|Any CPU
		{93381120-EE1D-43D1-A1F7-F7BCF31CD216}.Release|Any CPU.Build.0 = Release|Any CPU
	EndGlobalSection
	GlobalSection(SolutionProperties) = preSolution
		HideSolutionNode = FALSE
	EndGlobalSection
	GlobalSection(ExtensibilityGlobals) = postSolution
		SolutionGuid = {EAD084ED-C7D9-4868-BBAD-A34C6A2AFFD7}
	EndGlobalSection
EndGlobal
